
Microsoft Visual Studio Solution File, Format Version 12.00
Project("{2150E333-8FDC-42A3-9474-1A3956D46DE8}") = "3.Sqs", "3.Sqs", "{AE28BEE1-B578-439A-B596-D991B9851F5A}"
	ProjectSection(SolutionItems) = preProject
		3.Sqs\Customers.Api\obj\Debug\net7.0\.NETCoreApp,Version = v7.0.AssemblyAttributes.cs = 3.Sqs\Customers.Api\obj\Debug\net7.0\.NETCoreApp,Version=v7.0.AssemblyAttributes.cs
	EndProjectSection
EndProject
Project("{2150E333-8FDC-42A3-9474-1A3956D46DE8}") = "4.Sns", "4.Sns", "{BA648C25-CB9E-4FAA-AF91-86A37CCEA382}"
EndProject
Project("{2150E333-8FDC-42A3-9474-1A3956D46DE8}") = "5.DynamoDb", "5.DynamoDb", "{2C17779A-FD5B-4980-BEB0-4A19912178B7}"
	ProjectSection(SolutionItems) = preProject
		5.DynamoDb\readme.md = 5.DynamoDb\readme.md
	EndProjectSection
EndProject
Project("{2150E333-8FDC-42A3-9474-1A3956D46DE8}") = "6.S3", "6.S3", "{6CC73189-9356-4EE7-B061-73D9395C30AC}"
EndProject
Project("{2150E333-8FDC-42A3-9474-1A3956D46DE8}") = "7.SecretsManager", "7.SecretsManager", "{8D27D9CA-8D14-4CD6-9827-A0837CFB03C3}"
EndProject
Project("{FAE04EC0-301F-11D3-BF4B-00C04F79EFBC}") = "SqsPublisher", "3.Sqs\SqsPublisher\SqsPublisher.csproj", "{85003855-0CEB-4831-9F7B-B66E95F78863}"
EndProject
Project("{FAE04EC0-301F-11D3-BF4B-00C04F79EFBC}") = "SqsConsumer", "3.Sqs\SqsConsumer\SqsConsumer.csproj", "{5420C842-92AC-488C-BA07-B9347BA7C338}"
EndProject
Project("{FAE04EC0-301F-11D3-BF4B-00C04F79EFBC}") = "Contract", "3.Sqs\Contract\Contract.csproj", "{62E43DFD-8554-4DF8-B932-424B8C654495}"
EndProject
Project("{FAE04EC0-301F-11D3-BF4B-00C04F79EFBC}") = "Customers.Api", "3.Sqs\Customers.Api\Customers.Api.csproj", "{B26AF735-C113-4EA9-8414-F3E4A0ADCF14}"
EndProject
Project("{FAE04EC0-301F-11D3-BF4B-00C04F79EFBC}") = "Customers.Consumer", "3.Sqs\Customers.Consumer\Customers.Consumer.csproj", "{23460247-863C-40D7-A6F5-3BC85BF57334}"
EndProject
Project("{FAE04EC0-301F-11D3-BF4B-00C04F79EFBC}") = "Customers.Api", "4.Sns\Customers.Api\Customers.Api.csproj", "{D43DEC6D-5CCC-45F8-B924-8C4C1A1B8295}"
EndProject
Project("{FAE04EC0-301F-11D3-BF4B-00C04F79EFBC}") = "Customers.Consumer", "4.Sns\Customers.Consumer\Customers.Consumer.csproj", "{C60ADE5C-8584-4736-895B-E813422D314F}"
EndProject
Project("{FAE04EC0-301F-11D3-BF4B-00C04F79EFBC}") = "SqsConsumer", "4.Sns\SqsConsumer\SqsConsumer.csproj", "{FB340BE3-20CF-432A-9787-03B6907CC96A}"
EndProject
Project("{FAE04EC0-301F-11D3-BF4B-00C04F79EFBC}") = "SnsPublisher", "4.Sns\SnsPublisher\SnsPublisher.csproj", "{2E24CA39-D10A-4E2F-B8BF-F767B1F2AB2F}"
EndProject
Project("{FAE04EC0-301F-11D3-BF4B-00C04F79EFBC}") = "Customers.Api", "5.DynamoDb\Customers.Api\Customers.Api.csproj", "{E1236288-23E6-4D4C-B013-F228335151C6}"
EndProject
Project("{FAE04EC0-301F-11D3-BF4B-00C04F79EFBC}") = "Movies.Api", "5.DynamoDb\Movies.Api\Movies.Api.csproj", "{97A85381-13CF-4795-A7A8-D28F6B6069BB}"
EndProject
Project("{FAE04EC0-301F-11D3-BF4B-00C04F79EFBC}") = "Customers.Api", "6.S3\Customers.Api\Customers.Api.csproj", "{80D4894A-BD20-498A-B3D1-25DF7DF9B039}"
EndProject
Project("{FAE04EC0-301F-11D3-BF4B-00C04F79EFBC}") = "S3Playground", "6.S3\S3Playground\S3Playground.csproj", "{70093604-298E-490C-8DE6-0DBC6741B212}"
EndProject
Project("{FAE04EC0-301F-11D3-BF4B-00C04F79EFBC}") = "Weather.Api", "7.SecretsManager\Weather.Api\Weather.Api.csproj", "{F613839C-8D1A-4300-833B-57E995C07A54}"
EndProject
Project("{FAE04EC0-301F-11D3-BF4B-00C04F79EFBC}") = "SecretsManager.App", "7.SecretsManager\SecretsManager.App\SecretsManager.App.csproj", "{E47E7A24-1A31-4EB3-AD15-59C0AB74D51A}"
EndProject
Project("{2150E333-8FDC-42A3-9474-1A3956D46DE8}") = "8.Lambda", "8.Lambda", "{48891589-A464-43A6-9E9A-EE270E7A2118}"
EndProject
Project("{FAE04EC0-301F-11D3-BF4B-00C04F79EFBC}") = "SimpleLambda", "8.Lambda\SimpleLmbda\src\SimpleLambda\SimpleLambda.csproj", "{F94AC284-3E72-45F9-9E37-D8DECA4EA3A3}"
EndProject
Project("{FAE04EC0-301F-11D3-BF4B-00C04F79EFBC}") = "SimpleLambdaHttps", "8.Lambda\SimpleLambdaHttps\src\SimpleLambdaHttps\SimpleLambdaHttps.csproj", "{661CCA6E-F9DD-4B90-A59C-87851DA6EC4B}"
EndProject
Project("{FAE04EC0-301F-11D3-BF4B-00C04F79EFBC}") = "SimpleSqsLambda", "8.Lambda\SimpleSqsLambda\src\SimpleSqsLambda\SimpleSqsLambda.csproj", "{8F62DB0B-C7C8-4A40-9138-FD99C15FF4BC}"
EndProject
Project("{FAE04EC0-301F-11D3-BF4B-00C04F79EFBC}") = "DynamoDbLambda", "8.Lambda\DynamoDbLambda\src\DynamoDbLambda\DynamoDbLambda.csproj", "{82483003-7011-4D95-8C5C-9EBE1540CA46}"
EndProject
Project("{FAE04EC0-301F-11D3-BF4B-00C04F79EFBC}") = "SimpleS3Lambda", "8.Lambda\SimpleS3Lambda\src\SimpleS3Lambda\SimpleS3Lambda.csproj", "{6B7483CC-BE2D-4CAC-8B6A-DB42C76D0269}"
EndProject
Project("{FAE04EC0-301F-11D3-BF4B-00C04F79EFBC}") = "SimpleApiLambda", "8.Lambda\SimpleApiLambda\SimpleApiLambda.csproj", "{5FEDBC25-1D2E-4F46-BCE5-78F50D23BF1E}"
EndProject
Project("{FAE04EC0-301F-11D3-BF4B-00C04F79EFBC}") = "SimpleCustomRuntimeLambda", "8.Lambda\SimpleCustomRuntimeLambda\src\SimpleCustomRuntimeLambda\SimpleCustomRuntimeLambda.csproj", "{C6AE6930-58FD-4F50-A8D2-B4E8441C95D0}"
EndProject
Global
	GlobalSection(SolutionConfigurationPlatforms) = preSolution
		Debug|Any CPU = Debug|Any CPU
		Release|Any CPU = Release|Any CPU
	EndGlobalSection
	GlobalSection(NestedProjects) = preSolution
		{85003855-0CEB-4831-9F7B-B66E95F78863} = {AE28BEE1-B578-439A-B596-D991B9851F5A}
		{5420C842-92AC-488C-BA07-B9347BA7C338} = {AE28BEE1-B578-439A-B596-D991B9851F5A}
		{62E43DFD-8554-4DF8-B932-424B8C654495} = {AE28BEE1-B578-439A-B596-D991B9851F5A}
		{B26AF735-C113-4EA9-8414-F3E4A0ADCF14} = {AE28BEE1-B578-439A-B596-D991B9851F5A}
		{23460247-863C-40D7-A6F5-3BC85BF57334} = {AE28BEE1-B578-439A-B596-D991B9851F5A}
		{D43DEC6D-5CCC-45F8-B924-8C4C1A1B8295} = {BA648C25-CB9E-4FAA-AF91-86A37CCEA382}
		{C60ADE5C-8584-4736-895B-E813422D314F} = {BA648C25-CB9E-4FAA-AF91-86A37CCEA382}
		{FB340BE3-20CF-432A-9787-03B6907CC96A} = {BA648C25-CB9E-4FAA-AF91-86A37CCEA382}
		{2E24CA39-D10A-4E2F-B8BF-F767B1F2AB2F} = {BA648C25-CB9E-4FAA-AF91-86A37CCEA382}
		{E1236288-23E6-4D4C-B013-F228335151C6} = {2C17779A-FD5B-4980-BEB0-4A19912178B7}
		{97A85381-13CF-4795-A7A8-D28F6B6069BB} = {2C17779A-FD5B-4980-BEB0-4A19912178B7}
		{80D4894A-BD20-498A-B3D1-25DF7DF9B039} = {6CC73189-9356-4EE7-B061-73D9395C30AC}
		{70093604-298E-490C-8DE6-0DBC6741B212} = {6CC73189-9356-4EE7-B061-73D9395C30AC}
		{F613839C-8D1A-4300-833B-57E995C07A54} = {8D27D9CA-8D14-4CD6-9827-A0837CFB03C3}
		{E47E7A24-1A31-4EB3-AD15-59C0AB74D51A} = {8D27D9CA-8D14-4CD6-9827-A0837CFB03C3}
		{F94AC284-3E72-45F9-9E37-D8DECA4EA3A3} = {48891589-A464-43A6-9E9A-EE270E7A2118}
		{661CCA6E-F9DD-4B90-A59C-87851DA6EC4B} = {48891589-A464-43A6-9E9A-EE270E7A2118}
		{8F62DB0B-C7C8-4A40-9138-FD99C15FF4BC} = {48891589-A464-43A6-9E9A-EE270E7A2118}
		{82483003-7011-4D95-8C5C-9EBE1540CA46} = {48891589-A464-43A6-9E9A-EE270E7A2118}
		{6B7483CC-BE2D-4CAC-8B6A-DB42C76D0269} = {48891589-A464-43A6-9E9A-EE270E7A2118}
		{5FEDBC25-1D2E-4F46-BCE5-78F50D23BF1E} = {48891589-A464-43A6-9E9A-EE270E7A2118}
		{C6AE6930-58FD-4F50-A8D2-B4E8441C95D0} = {48891589-A464-43A6-9E9A-EE270E7A2118}
	EndGlobalSection
	GlobalSection(ProjectConfigurationPlatforms) = postSolution
		{85003855-0CEB-4831-9F7B-B66E95F78863}.Debug|Any CPU.ActiveCfg = Debug|Any CPU
		{85003855-0CEB-4831-9F7B-B66E95F78863}.Debug|Any CPU.Build.0 = Debug|Any CPU
		{85003855-0CEB-4831-9F7B-B66E95F78863}.Release|Any CPU.ActiveCfg = Release|Any CPU
		{85003855-0CEB-4831-9F7B-B66E95F78863}.Release|Any CPU.Build.0 = Release|Any CPU
		{5420C842-92AC-488C-BA07-B9347BA7C338}.Debug|Any CPU.ActiveCfg = Debug|Any CPU
		{5420C842-92AC-488C-BA07-B9347BA7C338}.Debug|Any CPU.Build.0 = Debug|Any CPU
		{5420C842-92AC-488C-BA07-B9347BA7C338}.Release|Any CPU.ActiveCfg = Release|Any CPU
		{5420C842-92AC-488C-BA07-B9347BA7C338}.Release|Any CPU.Build.0 = Release|Any CPU
		{62E43DFD-8554-4DF8-B932-424B8C654495}.Debug|Any CPU.ActiveCfg = Debug|Any CPU
		{62E43DFD-8554-4DF8-B932-424B8C654495}.Debug|Any CPU.Build.0 = Debug|Any CPU
		{62E43DFD-8554-4DF8-B932-424B8C654495}.Release|Any CPU.ActiveCfg = Release|Any CPU
		{62E43DFD-8554-4DF8-B932-424B8C654495}.Release|Any CPU.Build.0 = Release|Any CPU
		{B26AF735-C113-4EA9-8414-F3E4A0ADCF14}.Debug|Any CPU.ActiveCfg = Debug|Any CPU
		{B26AF735-C113-4EA9-8414-F3E4A0ADCF14}.Debug|Any CPU.Build.0 = Debug|Any CPU
		{B26AF735-C113-4EA9-8414-F3E4A0ADCF14}.Release|Any CPU.ActiveCfg = Release|Any CPU
		{B26AF735-C113-4EA9-8414-F3E4A0ADCF14}.Release|Any CPU.Build.0 = Release|Any CPU
		{23460247-863C-40D7-A6F5-3BC85BF57334}.Debug|Any CPU.ActiveCfg = Debug|Any CPU
		{23460247-863C-40D7-A6F5-3BC85BF57334}.Debug|Any CPU.Build.0 = Debug|Any CPU
		{23460247-863C-40D7-A6F5-3BC85BF57334}.Release|Any CPU.ActiveCfg = Release|Any CPU
		{23460247-863C-40D7-A6F5-3BC85BF57334}.Release|Any CPU.Build.0 = Release|Any CPU
		{D43DEC6D-5CCC-45F8-B924-8C4C1A1B8295}.Debug|Any CPU.ActiveCfg = Debug|Any CPU
		{D43DEC6D-5CCC-45F8-B924-8C4C1A1B8295}.Debug|Any CPU.Build.0 = Debug|Any CPU
		{D43DEC6D-5CCC-45F8-B924-8C4C1A1B8295}.Release|Any CPU.ActiveCfg = Release|Any CPU
		{D43DEC6D-5CCC-45F8-B924-8C4C1A1B8295}.Release|Any CPU.Build.0 = Release|Any CPU
		{C60ADE5C-8584-4736-895B-E813422D314F}.Debug|Any CPU.ActiveCfg = Debug|Any CPU
		{C60ADE5C-8584-4736-895B-E813422D314F}.Debug|Any CPU.Build.0 = Debug|Any CPU
		{C60ADE5C-8584-4736-895B-E813422D314F}.Release|Any CPU.ActiveCfg = Release|Any CPU
		{C60ADE5C-8584-4736-895B-E813422D314F}.Release|Any CPU.Build.0 = Release|Any CPU
		{FB340BE3-20CF-432A-9787-03B6907CC96A}.Debug|Any CPU.ActiveCfg = Debug|Any CPU
		{FB340BE3-20CF-432A-9787-03B6907CC96A}.Debug|Any CPU.Build.0 = Debug|Any CPU
		{FB340BE3-20CF-432A-9787-03B6907CC96A}.Release|Any CPU.ActiveCfg = Release|Any CPU
		{FB340BE3-20CF-432A-9787-03B6907CC96A}.Release|Any CPU.Build.0 = Release|Any CPU
		{2E24CA39-D10A-4E2F-B8BF-F767B1F2AB2F}.Debug|Any CPU.ActiveCfg = Debug|Any CPU
		{2E24CA39-D10A-4E2F-B8BF-F767B1F2AB2F}.Debug|Any CPU.Build.0 = Debug|Any CPU
		{2E24CA39-D10A-4E2F-B8BF-F767B1F2AB2F}.Release|Any CPU.ActiveCfg = Release|Any CPU
		{2E24CA39-D10A-4E2F-B8BF-F767B1F2AB2F}.Release|Any CPU.Build.0 = Release|Any CPU
		{E1236288-23E6-4D4C-B013-F228335151C6}.Debug|Any CPU.ActiveCfg = Debug|Any CPU
		{E1236288-23E6-4D4C-B013-F228335151C6}.Debug|Any CPU.Build.0 = Debug|Any CPU
		{E1236288-23E6-4D4C-B013-F228335151C6}.Release|Any CPU.ActiveCfg = Release|Any CPU
		{E1236288-23E6-4D4C-B013-F228335151C6}.Release|Any CPU.Build.0 = Release|Any CPU
		{97A85381-13CF-4795-A7A8-D28F6B6069BB}.Debug|Any CPU.ActiveCfg = Debug|Any CPU
		{97A85381-13CF-4795-A7A8-D28F6B6069BB}.Debug|Any CPU.Build.0 = Debug|Any CPU
		{97A85381-13CF-4795-A7A8-D28F6B6069BB}.Release|Any CPU.ActiveCfg = Release|Any CPU
		{97A85381-13CF-4795-A7A8-D28F6B6069BB}.Release|Any CPU.Build.0 = Release|Any CPU
		{80D4894A-BD20-498A-B3D1-25DF7DF9B039}.Debug|Any CPU.ActiveCfg = Debug|Any CPU
		{80D4894A-BD20-498A-B3D1-25DF7DF9B039}.Debug|Any CPU.Build.0 = Debug|Any CPU
		{80D4894A-BD20-498A-B3D1-25DF7DF9B039}.Release|Any CPU.ActiveCfg = Release|Any CPU
		{80D4894A-BD20-498A-B3D1-25DF7DF9B039}.Release|Any CPU.Build.0 = Release|Any CPU
		{70093604-298E-490C-8DE6-0DBC6741B212}.Debug|Any CPU.ActiveCfg = Debug|Any CPU
		{70093604-298E-490C-8DE6-0DBC6741B212}.Debug|Any CPU.Build.0 = Debug|Any CPU
		{70093604-298E-490C-8DE6-0DBC6741B212}.Release|Any CPU.ActiveCfg = Release|Any CPU
		{70093604-298E-490C-8DE6-0DBC6741B212}.Release|Any CPU.Build.0 = Release|Any CPU
		{F613839C-8D1A-4300-833B-57E995C07A54}.Debug|Any CPU.ActiveCfg = Debug|Any CPU
		{F613839C-8D1A-4300-833B-57E995C07A54}.Debug|Any CPU.Build.0 = Debug|Any CPU
		{F613839C-8D1A-4300-833B-57E995C07A54}.Release|Any CPU.ActiveCfg = Release|Any CPU
		{F613839C-8D1A-4300-833B-57E995C07A54}.Release|Any CPU.Build.0 = Release|Any CPU
		{E47E7A24-1A31-4EB3-AD15-59C0AB74D51A}.Debug|Any CPU.ActiveCfg = Debug|Any CPU
		{E47E7A24-1A31-4EB3-AD15-59C0AB74D51A}.Debug|Any CPU.Build.0 = Debug|Any CPU
		{E47E7A24-1A31-4EB3-AD15-59C0AB74D51A}.Release|Any CPU.ActiveCfg = Release|Any CPU
		{E47E7A24-1A31-4EB3-AD15-59C0AB74D51A}.Release|Any CPU.Build.0 = Release|Any CPU
		{F94AC284-3E72-45F9-9E37-D8DECA4EA3A3}.Debug|Any CPU.ActiveCfg = Debug|Any CPU
		{F94AC284-3E72-45F9-9E37-D8DECA4EA3A3}.Debug|Any CPU.Build.0 = Debug|Any CPU
		{F94AC284-3E72-45F9-9E37-D8DECA4EA3A3}.Release|Any CPU.ActiveCfg = Release|Any CPU
		{F94AC284-3E72-45F9-9E37-D8DECA4EA3A3}.Release|Any CPU.Build.0 = Release|Any CPU
		{661CCA6E-F9DD-4B90-A59C-87851DA6EC4B}.Debug|Any CPU.ActiveCfg = Debug|Any CPU
		{661CCA6E-F9DD-4B90-A59C-87851DA6EC4B}.Debug|Any CPU.Build.0 = Debug|Any CPU
		{661CCA6E-F9DD-4B90-A59C-87851DA6EC4B}.Release|Any CPU.ActiveCfg = Release|Any CPU
		{661CCA6E-F9DD-4B90-A59C-87851DA6EC4B}.Release|Any CPU.Build.0 = Release|Any CPU
		{8F62DB0B-C7C8-4A40-9138-FD99C15FF4BC}.Debug|Any CPU.ActiveCfg = Debug|Any CPU
		{8F62DB0B-C7C8-4A40-9138-FD99C15FF4BC}.Debug|Any CPU.Build.0 = Debug|Any CPU
		{8F62DB0B-C7C8-4A40-9138-FD99C15FF4BC}.Release|Any CPU.ActiveCfg = Release|Any CPU
		{8F62DB0B-C7C8-4A40-9138-FD99C15FF4BC}.Release|Any CPU.Build.0 = Release|Any CPU
		{82483003-7011-4D95-8C5C-9EBE1540CA46}.Debug|Any CPU.ActiveCfg = Debug|Any CPU
		{82483003-7011-4D95-8C5C-9EBE1540CA46}.Debug|Any CPU.Build.0 = Debug|Any CPU
		{82483003-7011-4D95-8C5C-9EBE1540CA46}.Release|Any CPU.ActiveCfg = Release|Any CPU
		{82483003-7011-4D95-8C5C-9EBE1540CA46}.Release|Any CPU.Build.0 = Release|Any CPU
		{6B7483CC-BE2D-4CAC-8B6A-DB42C76D0269}.Debug|Any CPU.ActiveCfg = Debug|Any CPU
		{6B7483CC-BE2D-4CAC-8B6A-DB42C76D0269}.Debug|Any CPU.Build.0 = Debug|Any CPU
		{6B7483CC-BE2D-4CAC-8B6A-DB42C76D0269}.Release|Any CPU.ActiveCfg = Release|Any CPU
		{6B7483CC-BE2D-4CAC-8B6A-DB42C76D0269}.Release|Any CPU.Build.0 = Release|Any CPU
		{5FEDBC25-1D2E-4F46-BCE5-78F50D23BF1E}.Debug|Any CPU.ActiveCfg = Debug|Any CPU
		{5FEDBC25-1D2E-4F46-BCE5-78F50D23BF1E}.Debug|Any CPU.Build.0 = Debug|Any CPU
		{5FEDBC25-1D2E-4F46-BCE5-78F50D23BF1E}.Release|Any CPU.ActiveCfg = Release|Any CPU
		{5FEDBC25-1D2E-4F46-BCE5-78F50D23BF1E}.Release|Any CPU.Build.0 = Release|Any CPU
		{C6AE6930-58FD-4F50-A8D2-B4E8441C95D0}.Debug|Any CPU.ActiveCfg = Debug|Any CPU
		{C6AE6930-58FD-4F50-A8D2-B4E8441C95D0}.Debug|Any CPU.Build.0 = Debug|Any CPU
		{C6AE6930-58FD-4F50-A8D2-B4E8441C95D0}.Release|Any CPU.ActiveCfg = Release|Any CPU
		{C6AE6930-58FD-4F50-A8D2-B4E8441C95D0}.Release|Any CPU.Build.0 = Release|Any CPU
	EndGlobalSection
EndGlobal
